// !$*UTF8*$!
{
	archiveVersion = 1;
	classes = {
	};
	objectVersion = 46;
	objects = {

/* Begin PBXBuildFile section */
		801259D3205BA975004AC355 /* icon_tipper_failure@2x.png in Resources */ = {isa = PBXBuildFile; fileRef = 8053468E205265EB00F22349 /* icon_tipper_failure@2x.png */; };
		801259D4205BA975004AC355 /* icon_tipper_success@2x.png in Resources */ = {isa = PBXBuildFile; fileRef = 8053468F205265EB00F22349 /* icon_tipper_success@2x.png */; };
		801259D5205BA975004AC355 /* icon_tipper_warning@2x.png in Resources */ = {isa = PBXBuildFile; fileRef = 80534690205265EB00F22349 /* icon_tipper_warning@2x.png */; };
		801259D6205BA979004AC355 /* Tipper.xib in Resources */ = {isa = PBXBuildFile; fileRef = 805346882052636C00F22349 /* Tipper.xib */; };
		805346812052632C00F22349 /* AppDelegate.swift in Sources */ = {isa = PBXBuildFile; fileRef = 805346792052632C00F22349 /* AppDelegate.swift */; };
		805346822052632C00F22349 /* Assets.xcassets in Resources */ = {isa = PBXBuildFile; fileRef = 8053467A2052632C00F22349 /* Assets.xcassets */; };
		805346832052632C00F22349 /* LaunchScreen.storyboard in Resources */ = {isa = PBXBuildFile; fileRef = 8053467B2052632C00F22349 /* LaunchScreen.storyboard */; };
		805346842052632C00F22349 /* Main.storyboard in Resources */ = {isa = PBXBuildFile; fileRef = 8053467D2052632C00F22349 /* Main.storyboard */; };
		805346852052632C00F22349 /* Info.plist in Resources */ = {isa = PBXBuildFile; fileRef = 8053467F2052632C00F22349 /* Info.plist */; };
		805346862052632C00F22349 /* TipperHUDDemoVC.swift in Sources */ = {isa = PBXBuildFile; fileRef = 805346802052632C00F22349 /* TipperHUDDemoVC.swift */; };
		805346962052694A00F22349 /* TipperToastDemoVC.swift in Sources */ = {isa = PBXBuildFile; fileRef = 805346952052694A00F22349 /* TipperToastDemoVC.swift */; };
		8053469820526DA800F22349 /* TipperSnackBarDemoVC.swift in Sources */ = {isa = PBXBuildFile; fileRef = 8053469720526DA800F22349 /* TipperSnackBarDemoVC.swift */; };
		8053469A2052784C00F22349 /* TipperBubbleDemoVC.swift in Sources */ = {isa = PBXBuildFile; fileRef = 805346992052784C00F22349 /* TipperBubbleDemoVC.swift */; };
		80A7A68D20510CD30085816D /* Tipper.framework in Frameworks */ = {isa = PBXBuildFile; fileRef = 80CF69D31FE76C16003D1ACD /* Tipper.framework */; };
		80A7A68E20510CD30085816D /* Tipper.framework in Embed Frameworks */ = {isa = PBXBuildFile; fileRef = 80CF69D31FE76C16003D1ACD /* Tipper.framework */; settings = {ATTRIBUTES = (CodeSignOnCopy, RemoveHeadersOnCopy, ); }; };
		80CF6A281FE76DDB003D1ACD /* Tipper.swift in Sources */ = {isa = PBXBuildFile; fileRef = 80CF6A1E1FE76DDB003D1ACD /* Tipper.swift */; };
		80CF6A2B1FE76DDB003D1ACD /* TipperBubble.swift in Sources */ = {isa = PBXBuildFile; fileRef = 80CF6A211FE76DDB003D1ACD /* TipperBubble.swift */; };
		80CF6A2C1FE76DDB003D1ACD /* TipperHUD.swift in Sources */ = {isa = PBXBuildFile; fileRef = 80CF6A221FE76DDB003D1ACD /* TipperHUD.swift */; };
		80CF6A2D1FE76DDB003D1ACD /* TipperSnackBar.swift in Sources */ = {isa = PBXBuildFile; fileRef = 80CF6A231FE76DDB003D1ACD /* TipperSnackBar.swift */; };
		80CF6A2E1FE76DDB003D1ACD /* TipperToast.swift in Sources */ = {isa = PBXBuildFile; fileRef = 80CF6A241FE76DDB003D1ACD /* TipperToast.swift */; };
		80CF6A2F1FE76DDB003D1ACD /* TipperViewController.swift in Sources */ = {isa = PBXBuildFile; fileRef = 80CF6A251FE76DDB003D1ACD /* TipperViewController.swift */; };
/* End PBXBuildFile section */

/* Begin PBXContainerItemProxy section */
		80A7A68F20510CD30085816D /* PBXContainerItemProxy */ = {
			isa = PBXContainerItemProxy;
			containerPortal = 80CF69CA1FE76C16003D1ACD /* Project object */;
			proxyType = 1;
			remoteGlobalIDString = 80CF69D21FE76C16003D1ACD;
			remoteInfo = Tipper;
		};
/* End PBXContainerItemProxy section */

/* Begin PBXCopyFilesBuildPhase section */
		80A7A69120510CD30085816D /* Embed Frameworks */ = {
			isa = PBXCopyFilesBuildPhase;
			buildActionMask = 2147483647;
			dstPath = "";
			dstSubfolderSpec = 10;
			files = (
				80A7A68E20510CD30085816D /* Tipper.framework in Embed Frameworks */,
			);
			name = "Embed Frameworks";
			runOnlyForDeploymentPostprocessing = 0;
		};
/* End PBXCopyFilesBuildPhase section */

/* Begin PBXFileReference section */
		805346792052632C00F22349 /* AppDelegate.swift */ = {isa = PBXFileReference; fileEncoding = 4; lastKnownFileType = sourcecode.swift; path = AppDelegate.swift; sourceTree = "<group>"; };
		8053467A2052632C00F22349 /* Assets.xcassets */ = {isa = PBXFileReference; lastKnownFileType = folder.assetcatalog; path = Assets.xcassets; sourceTree = "<group>"; };
		8053467C2052632C00F22349 /* Base */ = {isa = PBXFileReference; lastKnownFileType = file.storyboard; name = Base; path = Base.lproj/LaunchScreen.storyboard; sourceTree = "<group>"; };
		8053467E2052632C00F22349 /* Base */ = {isa = PBXFileReference; lastKnownFileType = file.storyboard; name = Base; path = Base.lproj/Main.storyboard; sourceTree = "<group>"; };
		8053467F2052632C00F22349 /* Info.plist */ = {isa = PBXFileReference; fileEncoding = 4; lastKnownFileType = text.plist.xml; path = Info.plist; sourceTree = "<group>"; };
		805346802052632C00F22349 /* TipperHUDDemoVC.swift */ = {isa = PBXFileReference; fileEncoding = 4; lastKnownFileType = sourcecode.swift; path = TipperHUDDemoVC.swift; sourceTree = "<group>"; };
		805346882052636C00F22349 /* Tipper.xib */ = {isa = PBXFileReference; fileEncoding = 4; lastKnownFileType = file.xib; path = Tipper.xib; sourceTree = "<group>"; };
		8053468E205265EB00F22349 /* icon_tipper_failure@2x.png */ = {isa = PBXFileReference; lastKnownFileType = image.png; path = "icon_tipper_failure@2x.png"; sourceTree = "<group>"; };
		8053468F205265EB00F22349 /* icon_tipper_success@2x.png */ = {isa = PBXFileReference; lastKnownFileType = image.png; path = "icon_tipper_success@2x.png"; sourceTree = "<group>"; };
		80534690205265EB00F22349 /* icon_tipper_warning@2x.png */ = {isa = PBXFileReference; lastKnownFileType = image.png; path = "icon_tipper_warning@2x.png"; sourceTree = "<group>"; };
		805346952052694A00F22349 /* TipperToastDemoVC.swift */ = {isa = PBXFileReference; fileEncoding = 4; lastKnownFileType = sourcecode.swift; path = TipperToastDemoVC.swift; sourceTree = "<group>"; };
		8053469720526DA800F22349 /* TipperSnackBarDemoVC.swift */ = {isa = PBXFileReference; fileEncoding = 4; lastKnownFileType = sourcecode.swift; path = TipperSnackBarDemoVC.swift; sourceTree = "<group>"; };
		805346992052784C00F22349 /* TipperBubbleDemoVC.swift */ = {isa = PBXFileReference; fileEncoding = 4; lastKnownFileType = sourcecode.swift; path = TipperBubbleDemoVC.swift; sourceTree = "<group>"; };
		80A7A6782051096D0085816D /* TipperDemo.app */ = {isa = PBXFileReference; explicitFileType = wrapper.application; includeInIndex = 0; path = TipperDemo.app; sourceTree = BUILT_PRODUCTS_DIR; };
		80CF69D31FE76C16003D1ACD /* Tipper.framework */ = {isa = PBXFileReference; explicitFileType = wrapper.framework; includeInIndex = 0; path = Tipper.framework; sourceTree = BUILT_PRODUCTS_DIR; };
		80CF6A1C1FE76DDB003D1ACD /* Info.plist */ = {isa = PBXFileReference; fileEncoding = 4; lastKnownFileType = text.plist.xml; path = Info.plist; sourceTree = "<group>"; };
		80CF6A1E1FE76DDB003D1ACD /* Tipper.swift */ = {isa = PBXFileReference; fileEncoding = 4; lastKnownFileType = sourcecode.swift; path = Tipper.swift; sourceTree = "<group>"; };
		80CF6A211FE76DDB003D1ACD /* TipperBubble.swift */ = {isa = PBXFileReference; fileEncoding = 4; lastKnownFileType = sourcecode.swift; path = TipperBubble.swift; sourceTree = "<group>"; };
		80CF6A221FE76DDB003D1ACD /* TipperHUD.swift */ = {isa = PBXFileReference; fileEncoding = 4; lastKnownFileType = sourcecode.swift; path = TipperHUD.swift; sourceTree = "<group>"; };
		80CF6A231FE76DDB003D1ACD /* TipperSnackBar.swift */ = {isa = PBXFileReference; fileEncoding = 4; lastKnownFileType = sourcecode.swift; path = TipperSnackBar.swift; sourceTree = "<group>"; };
		80CF6A241FE76DDB003D1ACD /* TipperToast.swift */ = {isa = PBXFileReference; fileEncoding = 4; lastKnownFileType = sourcecode.swift; path = TipperToast.swift; sourceTree = "<group>"; };
		80CF6A251FE76DDB003D1ACD /* TipperViewController.swift */ = {isa = PBXFileReference; fileEncoding = 4; lastKnownFileType = sourcecode.swift; path = TipperViewController.swift; sourceTree = "<group>"; };
/* End PBXFileReference section */

/* Begin PBXFrameworksBuildPhase section */
		80A7A6752051096D0085816D /* Frameworks */ = {
			isa = PBXFrameworksBuildPhase;
			buildActionMask = 2147483647;
			files = (
				80A7A68D20510CD30085816D /* Tipper.framework in Frameworks */,
			);
			runOnlyForDeploymentPostprocessing = 0;
		};
		80CF69CF1FE76C16003D1ACD /* Frameworks */ = {
			isa = PBXFrameworksBuildPhase;
			buildActionMask = 2147483647;
			files = (
			);
			runOnlyForDeploymentPostprocessing = 0;
		};
/* End PBXFrameworksBuildPhase section */

/* Begin PBXGroup section */
		805346782052632C00F22349 /* TipperDemo */ = {
			isa = PBXGroup;
			children = (
				80534694205268B700F22349 /* Classes */,
				805346792052632C00F22349 /* AppDelegate.swift */,
				8053467A2052632C00F22349 /* Assets.xcassets */,
				8053467B2052632C00F22349 /* LaunchScreen.storyboard */,
				8053467D2052632C00F22349 /* Main.storyboard */,
				8053467F2052632C00F22349 /* Info.plist */,
			);
			path = TipperDemo;
			sourceTree = "<group>";
		};
		8053468D205265EB00F22349 /* Icons */ = {
			isa = PBXGroup;
			children = (
				8053468E205265EB00F22349 /* icon_tipper_failure@2x.png */,
				8053468F205265EB00F22349 /* icon_tipper_success@2x.png */,
				80534690205265EB00F22349 /* icon_tipper_warning@2x.png */,
			);
			path = Icons;
			sourceTree = "<group>";
		};
		80534694205268B700F22349 /* Classes */ = {
			isa = PBXGroup;
			children = (
				805346802052632C00F22349 /* TipperHUDDemoVC.swift */,
				805346952052694A00F22349 /* TipperToastDemoVC.swift */,
				8053469720526DA800F22349 /* TipperSnackBarDemoVC.swift */,
				805346992052784C00F22349 /* TipperBubbleDemoVC.swift */,
			);
			name = Classes;
			sourceTree = "<group>";
		};
		80CF69C91FE76C16003D1ACD = {
			isa = PBXGroup;
			children = (
				80CF6A1B1FE76DDB003D1ACD /* SourceCode */,
				805346782052632C00F22349 /* TipperDemo */,
				80CF69D41FE76C16003D1ACD /* Products */,
			);
			sourceTree = "<group>";
		};
		80CF69D41FE76C16003D1ACD /* Products */ = {
			isa = PBXGroup;
			children = (
				80CF69D31FE76C16003D1ACD /* Tipper.framework */,
				80A7A6782051096D0085816D /* TipperDemo.app */,
			);
			name = Products;
			sourceTree = "<group>";
		};
		80CF6A1B1FE76DDB003D1ACD /* SourceCode */ = {
			isa = PBXGroup;
			children = (
				80CF6A1E1FE76DDB003D1ACD /* Tipper.swift */,
				80CF6A211FE76DDB003D1ACD /* TipperBubble.swift */,
				80CF6A221FE76DDB003D1ACD /* TipperHUD.swift */,
				80CF6A231FE76DDB003D1ACD /* TipperSnackBar.swift */,
				80CF6A241FE76DDB003D1ACD /* TipperToast.swift */,
				80CF6A251FE76DDB003D1ACD /* TipperViewController.swift */,
				80CF6A1C1FE76DDB003D1ACD /* Info.plist */,
				805346882052636C00F22349 /* Tipper.xib */,
				8053468D205265EB00F22349 /* Icons */,
			);
			name = SourceCode;
			path = Tipper;
			sourceTree = "<group>";
		};
/* End PBXGroup section */

/* Begin PBXHeadersBuildPhase section */
		80CF69D01FE76C16003D1ACD /* Headers */ = {
			isa = PBXHeadersBuildPhase;
			buildActionMask = 2147483647;
			files = (
			);
			runOnlyForDeploymentPostprocessing = 0;
		};
/* End PBXHeadersBuildPhase section */

/* Begin PBXNativeTarget section */
		80A7A6772051096D0085816D /* TipperDemo */ = {
			isa = PBXNativeTarget;
			buildConfigurationList = 80A7A6872051096D0085816D /* Build configuration list for PBXNativeTarget "TipperDemo" */;
			buildPhases = (
				80A7A6742051096D0085816D /* Sources */,
				80A7A6752051096D0085816D /* Frameworks */,
				80A7A6762051096D0085816D /* Resources */,
				80A7A69120510CD30085816D /* Embed Frameworks */,
			);
			buildRules = (
			);
			dependencies = (
				80A7A69020510CD30085816D /* PBXTargetDependency */,
			);
			name = TipperDemo;
			productName = Demo;
			productReference = 80A7A6782051096D0085816D /* TipperDemo.app */;
			productType = "com.apple.product-type.application";
		};
		80CF69D21FE76C16003D1ACD /* Tipper */ = {
			isa = PBXNativeTarget;
			buildConfigurationList = 80CF69DB1FE76C16003D1ACD /* Build configuration list for PBXNativeTarget "Tipper" */;
			buildPhases = (
				80CF69CE1FE76C16003D1ACD /* Sources */,
				80CF69CF1FE76C16003D1ACD /* Frameworks */,
				80CF69D01FE76C16003D1ACD /* Headers */,
				80CF69D11FE76C16003D1ACD /* Resources */,
			);
			buildRules = (
			);
			dependencies = (
			);
			name = Tipper;
			productName = Tipper;
			productReference = 80CF69D31FE76C16003D1ACD /* Tipper.framework */;
			productType = "com.apple.product-type.framework";
		};
/* End PBXNativeTarget section */

/* Begin PBXProject section */
		80CF69CA1FE76C16003D1ACD /* Project object */ = {
			isa = PBXProject;
			attributes = {
				LastSwiftUpdateCheck = 0830;
				LastUpgradeCheck = 0830;
				ORGANIZATIONNAME = GuessMe;
				TargetAttributes = {
					80A7A6772051096D0085816D = {
						CreatedOnToolsVersion = 8.3.3;
						ProvisioningStyle = Automatic;
					};
					80CF69D21FE76C16003D1ACD = {
						CreatedOnToolsVersion = 8.3.3;
						LastSwiftMigration = 0830;
						ProvisioningStyle = Automatic;
					};
				};
			};
			buildConfigurationList = 80CF69CD1FE76C16003D1ACD /* Build configuration list for PBXProject "Tipper" */;
			compatibilityVersion = "Xcode 3.2";
			developmentRegion = English;
			hasScannedForEncodings = 0;
			knownRegions = (
				en,
				Base,
			);
			mainGroup = 80CF69C91FE76C16003D1ACD;
			productRefGroup = 80CF69D41FE76C16003D1ACD /* Products */;
			projectDirPath = "";
			projectRoot = "";
			targets = (
				80CF69D21FE76C16003D1ACD /* Tipper */,
				80A7A6772051096D0085816D /* TipperDemo */,
			);
		};
/* End PBXProject section */

/* Begin PBXResourcesBuildPhase section */
		80A7A6762051096D0085816D /* Resources */ = {
			isa = PBXResourcesBuildPhase;
			buildActionMask = 2147483647;
			files = (
				805346852052632C00F22349 /* Info.plist in Resources */,
				805346842052632C00F22349 /* Main.storyboard in Resources */,
				805346822052632C00F22349 /* Assets.xcassets in Resources */,
				805346832052632C00F22349 /* LaunchScreen.storyboard in Resources */,
			);
			runOnlyForDeploymentPostprocessing = 0;
		};
		80CF69D11FE76C16003D1ACD /* Resources */ = {
			isa = PBXResourcesBuildPhase;
			buildActionMask = 2147483647;
			files = (
				801259D5205BA975004AC355 /* icon_tipper_warning@2x.png in Resources */,
				801259D3205BA975004AC355 /* icon_tipper_failure@2x.png in Resources */,
				801259D4205BA975004AC355 /* icon_tipper_success@2x.png in Resources */,
				801259D6205BA979004AC355 /* Tipper.xib in Resources */,
			);
			runOnlyForDeploymentPostprocessing = 0;
		};
/* End PBXResourcesBuildPhase section */

/* Begin PBXSourcesBuildPhase section */
		80A7A6742051096D0085816D /* Sources */ = {
			isa = PBXSourcesBuildPhase;
			buildActionMask = 2147483647;
			files = (
				8053469820526DA800F22349 /* TipperSnackBarDemoVC.swift in Sources */,
				805346812052632C00F22349 /* AppDelegate.swift in Sources */,
				805346862052632C00F22349 /* TipperHUDDemoVC.swift in Sources */,
				8053469A2052784C00F22349 /* TipperBubbleDemoVC.swift in Sources */,
				805346962052694A00F22349 /* TipperToastDemoVC.swift in Sources */,
			);
			runOnlyForDeploymentPostprocessing = 0;
		};
		80CF69CE1FE76C16003D1ACD /* Sources */ = {
			isa = PBXSourcesBuildPhase;
			buildActionMask = 2147483647;
			files = (
				80CF6A2F1FE76DDB003D1ACD /* TipperViewController.swift in Sources */,
				80CF6A2D1FE76DDB003D1ACD /* TipperSnackBar.swift in Sources */,
				80CF6A281FE76DDB003D1ACD /* Tipper.swift in Sources */,
				80CF6A2E1FE76DDB003D1ACD /* TipperToast.swift in Sources */,
				80CF6A2C1FE76DDB003D1ACD /* TipperHUD.swift in Sources */,
				80CF6A2B1FE76DDB003D1ACD /* TipperBubble.swift in Sources */,
			);
			runOnlyForDeploymentPostprocessing = 0;
		};
/* End PBXSourcesBuildPhase section */

/* Begin PBXTargetDependency section */
		80A7A69020510CD30085816D /* PBXTargetDependency */ = {
			isa = PBXTargetDependency;
			target = 80CF69D21FE76C16003D1ACD /* Tipper */;
			targetProxy = 80A7A68F20510CD30085816D /* PBXContainerItemProxy */;
		};
/* End PBXTargetDependency section */

/* Begin PBXVariantGroup section */
		8053467B2052632C00F22349 /* LaunchScreen.storyboard */ = {
			isa = PBXVariantGroup;
			children = (
				8053467C2052632C00F22349 /* Base */,
			);
			name = LaunchScreen.storyboard;
			sourceTree = "<group>";
		};
		8053467D2052632C00F22349 /* Main.storyboard */ = {
			isa = PBXVariantGroup;
			children = (
				8053467E2052632C00F22349 /* Base */,
			);
			name = Main.storyboard;
			sourceTree = "<group>";
		};
/* End PBXVariantGroup section */

/* Begin XCBuildConfiguration section */
		80A7A6882051096D0085816D /* Debug */ = {
			isa = XCBuildConfiguration;
			buildSettings = {
				ALWAYS_EMBED_SWIFT_STANDARD_LIBRARIES = YES;
				ASSETCATALOG_COMPILER_APPICON_NAME = AppIcon;
				INFOPLIST_FILE = "$(SRCROOT)/TipperDemo/Info.plist";
				LD_RUNPATH_SEARCH_PATHS = "$(inherited) @executable_path/Frameworks";
				PRODUCT_BUNDLE_IDENTIFIER = com.gm.Demo;
				PRODUCT_NAME = "$(TARGET_NAME)";
				SWIFT_VERSION = 3.0;
			};
			name = Debug;
		};
		80A7A6892051096D0085816D /* Release */ = {
			isa = XCBuildConfiguration;
			buildSettings = {
				ALWAYS_EMBED_SWIFT_STANDARD_LIBRARIES = YES;
				ASSETCATALOG_COMPILER_APPICON_NAME = AppIcon;
				INFOPLIST_FILE = "$(SRCROOT)/TipperDemo/Info.plist";
				LD_RUNPATH_SEARCH_PATHS = "$(inherited) @executable_path/Frameworks";
				PRODUCT_BUNDLE_IDENTIFIER = com.gm.Demo;
				PRODUCT_NAME = "$(TARGET_NAME)";
				SWIFT_VERSION = 3.0;
			};
			name = Release;
		};
		80CF69D91FE76C16003D1ACD /* Debug */ = {
			isa = XCBuildConfiguration;
			buildSettings = {
				ALWAYS_SEARCH_USER_PATHS = NO;
				CLANG_ANALYZER_NONNULL = YES;
				CLANG_ANALYZER_NUMBER_OBJECT_CONVERSION = YES_AGGRESSIVE;
				CLANG_CXX_LANGUAGE_STANDARD = "gnu++0x";
				CLANG_CXX_LIBRARY = "libc++";
				CLANG_ENABLE_MODULES = YES;
				CLANG_ENABLE_OBJC_ARC = YES;
				CLANG_WARN_BOOL_CONVERSION = YES;
				CLANG_WARN_CONSTANT_CONVERSION = YES;
				CLANG_WARN_DIRECT_OBJC_ISA_USAGE = YES_ERROR;
				CLANG_WARN_DOCUMENTATION_COMMENTS = YES;
				CLANG_WARN_EMPTY_BODY = YES;
				CLANG_WARN_ENUM_CONVERSION = YES;
				CLANG_WARN_INFINITE_RECURSION = YES;
				CLANG_WARN_INT_CONVERSION = YES;
				CLANG_WARN_OBJC_ROOT_CLASS = YES_ERROR;
				CLANG_WARN_SUSPICIOUS_MOVE = YES;
				CLANG_WARN_UNREACHABLE_CODE = YES;
				CLANG_WARN__DUPLICATE_METHOD_MATCH = YES;
				"CODE_SIGN_IDENTITY[sdk=iphoneos*]" = "iPhone Developer";
				COPY_PHASE_STRIP = NO;
				CURRENT_PROJECT_VERSION = 1;
				DEBUG_INFORMATION_FORMAT = dwarf;
				ENABLE_STRICT_OBJC_MSGSEND = YES;
				ENABLE_TESTABILITY = YES;
				GCC_C_LANGUAGE_STANDARD = gnu99;
				GCC_DYNAMIC_NO_PIC = NO;
				GCC_NO_COMMON_BLOCKS = YES;
				GCC_OPTIMIZATION_LEVEL = 0;
				GCC_PREPROCESSOR_DEFINITIONS = (
					"DEBUG=1",
					"$(inherited)",
				);
				GCC_WARN_64_TO_32_BIT_CONVERSION = YES;
				GCC_WARN_ABOUT_RETURN_TYPE = YES_ERROR;
				GCC_WARN_UNDECLARED_SELECTOR = YES;
				GCC_WARN_UNINITIALIZED_AUTOS = YES_AGGRESSIVE;
				GCC_WARN_UNUSED_FUNCTION = YES;
				GCC_WARN_UNUSED_VARIABLE = YES;
				IPHONEOS_DEPLOYMENT_TARGET = 10.3;
				MTL_ENABLE_DEBUG_INFO = YES;
				ONLY_ACTIVE_ARCH = YES;
				SDKROOT = iphoneos;
				SWIFT_ACTIVE_COMPILATION_CONDITIONS = DEBUG;
				SWIFT_OPTIMIZATION_LEVEL = "-Onone";
				TARGETED_DEVICE_FAMILY = "1,2";
				VERSIONING_SYSTEM = "apple-generic";
				VERSION_INFO_PREFIX = "";
			};
			name = Debug;
		};
		80CF69DA1FE76C16003D1ACD /* Release */ = {
			isa = XCBuildConfiguration;
			buildSettings = {
				ALWAYS_SEARCH_USER_PATHS = NO;
				CLANG_ANALYZER_NONNULL = YES;
				CLANG_ANALYZER_NUMBER_OBJECT_CONVERSION = YES_AGGRESSIVE;
				CLANG_CXX_LANGUAGE_STANDARD = "gnu++0x";
				CLANG_CXX_LIBRARY = "libc++";
				CLANG_ENABLE_MODULES = YES;
				CLANG_ENABLE_OBJC_ARC = YES;
				CLANG_WARN_BOOL_CONVERSION = YES;
				CLANG_WARN_CONSTANT_CONVERSION = YES;
				CLANG_WARN_DIRECT_OBJC_ISA_USAGE = YES_ERROR;
				CLANG_WARN_DOCUMENTATION_COMMENTS = YES;
				CLANG_WARN_EMPTY_BODY = YES;
				CLANG_WARN_ENUM_CONVERSION = YES;
				CLANG_WARN_INFINITE_RECURSION = YES;
				CLANG_WARN_INT_CONVERSION = YES;
				CLANG_WARN_OBJC_ROOT_CLASS = YES_ERROR;
				CLANG_WARN_SUSPICIOUS_MOVE = YES;
				CLANG_WARN_UNREACHABLE_CODE = YES;
				CLANG_WARN__DUPLICATE_METHOD_MATCH = YES;
				"CODE_SIGN_IDENTITY[sdk=iphoneos*]" = "iPhone Developer";
				COPY_PHASE_STRIP = NO;
				CURRENT_PROJECT_VERSION = 1;
				DEBUG_INFORMATION_FORMAT = "dwarf-with-dsym";
				ENABLE_NS_ASSERTIONS = NO;
				ENABLE_STRICT_OBJC_MSGSEND = YES;
				GCC_C_LANGUAGE_STANDARD = gnu99;
				GCC_NO_COMMON_BLOCKS = YES;
				GCC_WARN_64_TO_32_BIT_CONVERSION = YES;
				GCC_WARN_ABOUT_RETURN_TYPE = YES_ERROR;
				GCC_WARN_UNDECLARED_SELECTOR = YES;
				GCC_WARN_UNINITIALIZED_AUTOS = YES_AGGRESSIVE;
				GCC_WARN_UNUSED_FUNCTION = YES;
				GCC_WARN_UNUSED_VARIABLE = YES;
				IPHONEOS_DEPLOYMENT_TARGET = 10.3;
				MTL_ENABLE_DEBUG_INFO = NO;
				SDKROOT = iphoneos;
				SWIFT_OPTIMIZATION_LEVEL = "-Owholemodule";
				TARGETED_DEVICE_FAMILY = "1,2";
				VALIDATE_PRODUCT = YES;
				VERSIONING_SYSTEM = "apple-generic";
				VERSION_INFO_PREFIX = "";
			};
			name = Release;
		};
		80CF69DC1FE76C16003D1ACD /* Debug */ = {
			isa = XCBuildConfiguration;
			buildSettings = {
				CLANG_ENABLE_MODULES = YES;
				CODE_SIGN_IDENTITY = "";
				DEFINES_MODULE = YES;
				DYLIB_COMPATIBILITY_VERSION = 1;
				DYLIB_CURRENT_VERSION = 1;
				DYLIB_INSTALL_NAME_BASE = "@rpath";
				INFOPLIST_FILE = Tipper/Info.plist;
				INSTALL_PATH = "$(LOCAL_LIBRARY_DIR)/Frameworks";
				IPHONEOS_DEPLOYMENT_TARGET = 8.0;
				LD_RUNPATH_SEARCH_PATHS = "$(inherited) @executable_path/Frameworks @loader_path/Frameworks";
				PRODUCT_BUNDLE_IDENTIFIER = com.gm.Tipper;
				PRODUCT_NAME = "$(TARGET_NAME)";
				SKIP_INSTALL = YES;
				SWIFT_OPTIMIZATION_LEVEL = "-Onone";
				SWIFT_VERSION = 3.0;
			};
			name = Debug;
		};
		80CF69DD1FE76C16003D1ACD /* Release */ = {
			isa = XCBuildConfiguration;
			buildSettings = {
				CLANG_ENABLE_MODULES = YES;
				CODE_SIGN_IDENTITY = "";
				DEFINES_MODULE = YES;
				DYLIB_COMPATIBILITY_VERSION = 1;
				DYLIB_CURRENT_VERSION = 1;
				DYLIB_INSTALL_NAME_BASE = "@rpath";
				INFOPLIST_FILE = Tipper/Info.plist;
				INSTALL_PATH = "$(LOCAL_LIBRARY_DIR)/Frameworks";
				IPHONEOS_DEPLOYMENT_TARGET = 8.0;
				LD_RUNPATH_SEARCH_PATHS = "$(inherited) @executable_path/Frameworks @loader_path/Frameworks";
				PRODUCT_BUNDLE_IDENTIFIER = com.gm.Tipper;
				PRODUCT_NAME = "$(TARGET_NAME)";
				SKIP_INSTALL = YES;
				SWIFT_VERSION = 3.0;
			};
			name = Release;
		};
/* End XCBuildConfiguration section */

/* Begin XCConfigurationList section */
		80A7A6872051096D0085816D /* Build configuration list for PBXNativeTarget "TipperDemo" */ = {
			isa = XCConfigurationList;
			buildConfigurations = (
				80A7A6882051096D0085816D /* Debug */,
				80A7A6892051096D0085816D /* Release */,
			);
			defaultConfigurationIsVisible = 0;
			defaultConfigurationName = Release;
		};
		80CF69CD1FE76C16003D1ACD /* Build configuration list for PBXProject "Tipper" */ = {
			isa = XCConfigurationList;
			buildConfigurations = (
				80CF69D91FE76C16003D1ACD /* Debug */,
				80CF69DA1FE76C16003D1ACD /* Release */,
			);
			defaultConfigurationIsVisible = 0;
			defaultConfigurationName = Release;
		};
		80CF69DB1FE76C16003D1ACD /* Build configuration list for PBXNativeTarget "Tipper" */ = {
			isa = XCConfigurationList;
			buildConfigurations = (
				80CF69DC1FE76C16003D1ACD /* Debug */,
				80CF69DD1FE76C16003D1ACD /* Release */,
			);
			defaultConfigurationIsVisible = 0;
			defaultConfigurationName = Release;
		};
/* End XCConfigurationList section */
	};
	rootObject = 80CF69CA1FE76C16003D1ACD /* Project object */;
}
